// !$*UTF8*$!
{
	archiveVersion = 1;
	classes = {
	};
	objectVersion = 77;
	objects = {

/* Begin PBXBuildFile section */
		AA0000000000000000000001 /* FirebaseAuth in Frameworks */ = {isa = PBXBuildFile; productRef = AA0000000000000000000101 /* FirebaseAuth */; };
		AA0000000000000000000002 /* FirebaseFirestore in Frameworks */ = {isa = PBXBuildFile; productRef = AA0000000000000000000102 /* FirebaseFirestore */; };
		AA0000000000000000000003 /* FirebaseCrashlytics in Frameworks */ = {isa = PBXBuildFile; productRef = AA0000000000000000000103 /* FirebaseCrashlytics */; };
		AA0000000000000000000004 /* FirebasePerformance in Frameworks */ = {isa = PBXBuildFile; productRef = AA0000000000000000000104 /* FirebasePerformance */; };
		AA0000000000000000000005 /* FacebookLogin in Frameworks */ = {isa = PBXBuildFile; productRef = AA0000000000000000000105 /* FacebookLogin */; };
/* End PBXBuildFile section */

/* Begin PBXContainerItemProxy section */
		AA0000000000000000000010 /* PBXContainerItemProxy */ = {
			isa = PBXContainerItemProxy;
			containerPortal = AA00000000000000000000F0 /* Project object */;
			proxyType = 1;
			remoteGlobalIDString = AA0000000000000000000020;
			remoteInfo = RBDarts;
		};
/* End PBXContainerItemProxy section */

/* Begin PBXFileReference section */
		AA0000000000000000000021 /* RBDarts.app */ = {isa = PBXFileReference; explicitFileType = wrapper.application; includeInIndex = 0; path = RBDarts.app; sourceTree = BUILT_PRODUCTS_DIR; };
		AA0000000000000000000022 /* RBDartsTests.xctest */ = {isa = PBXFileReference; explicitFileType = wrapper.cfbundle; includeInIndex = 0; path = RBDartsTests.xctest; sourceTree = BUILT_PRODUCTS_DIR; };
		AA0000000000000000000023 /* RBDartsUITests.xctest */ = {isa = PBXFileReference; explicitFileType = wrapper.cfbundle; includeInIndex = 0; path = RBDartsUITests.xctest; sourceTree = BUILT_PRODUCTS_DIR; };
/* End PBXFileReference section */

/* Begin PBXFileSystemSynchronizedRootGroup section */
		AA0000000000000000000031 /* RBDarts */ = {
			isa = PBXFileSystemSynchronizedRootGroup;
			path = RBDarts;
			sourceTree = "<group>";
		};
		AA0000000000000000000032 /* RBDartsTests */ = {
			isa = PBXFileSystemSynchronizedRootGroup;
			path = RBDartsTests;
			sourceTree = "<group>";
		};
		AA0000000000000000000033 /* RBDartsUITests */ = {
			isa = PBXFileSystemSynchronizedRootGroup;
			path = RBDartsUITests;
			sourceTree = "<group>";
		};
/* End PBXFileSystemSynchronizedRootGroup section */

/* Begin PBXFrameworksBuildPhase section */
		AA0000000000000000000041 /* Frameworks */ = {
			isa = PBXFrameworksBuildPhase;
			buildActionMask = 2147483647;
			files = (
				AA0000000000000000000001 /* FirebaseAuth in Frameworks */,
				AA0000000000000000000002 /* FirebaseFirestore in Frameworks */,
				AA0000000000000000000003 /* FirebaseCrashlytics in Frameworks */,
				AA0000000000000000000004 /* FirebasePerformance in Frameworks */,
				AA0000000000000000000005 /* FacebookLogin in Frameworks */,
			);
			runOnlyForDeploymentPostprocessing = 0;
		};
		AA0000000000000000000042 /* Frameworks */ = {
			isa = PBXFrameworksBuildPhase;
			buildActionMask = 2147483647;
			files = (
			);
			runOnlyForDeploymentPostprocessing = 0;
		};
		AA0000000000000000000043 /* Frameworks */ = {
			isa = PBXFrameworksBuildPhase;
			buildActionMask = 2147483647;
			files = (
			);
			runOnlyForDeploymentPostprocessing = 0;
		};
/* End PBXFrameworksBuildPhase section */

/* Begin PBXGroup section */
		AA0000000000000000000051 = {
			isa = PBXGroup;
			children = (
				AA0000000000000000000031 /* RBDarts */,
				AA0000000000000000000032 /* RBDartsTests */,
				AA0000000000000000000033 /* RBDartsUITests */,
				AA0000000000000000000052 /* Products */,
			);
			sourceTree = "<group>";
		};
		AA0000000000000000000052 /* Products */ = {
			isa = PBXGroup;
			children = (
				AA0000000000000000000021 /* RBDarts.app */,
				AA0000000000000000000022 /* RBDartsTests.xctest */,
				AA0000000000000000000023 /* RBDartsUITests.xctest */,
			);
			name = Products;
			sourceTree = "<group>";
		};
/* End PBXGroup section */

/* Begin PBXNativeTarget section */
		AA0000000000000000000020 /* RBDarts */ = {
			isa = PBXNativeTarget;
			buildConfigurationList = AA0000000000000000000061 /* Build configuration list for PBXNativeTarget "RBDarts" */;
			buildPhases = (
				AA0000000000000000000041 /* Frameworks */,
				AA0000000000000000000071 /* Sources */,
				AA0000000000000000000081 /* Resources */,
			);
			buildRules = (
			);
			dependencies = (
			);
			fileSystemSynchronizedGroups = (
				AA0000000000000000000031 /* RBDarts */,
			);
			name = RBDarts;
			packageProductDependencies = (
				AA0000000000000000000101 /* FirebaseAuth */,
				AA0000000000000000000102 /* FirebaseFirestore */,
				AA0000000000000000000103 /* FirebaseCrashlytics */,
				AA0000000000000000000104 /* FirebasePerformance */,
				AA0000000000000000000105 /* FacebookLogin */,
			);
			productName = RBDarts;
			productReference = AA0000000000000000000021 /* RBDarts.app */;
			productType = "com.apple.product-type.application";
		};
		AA0000000000000000000024 /* RBDartsTests */ = {
			isa = PBXNativeTarget;
			buildConfigurationList = AA0000000000000000000062 /* Build configuration list for PBXNativeTarget "RBDartsTests" */;
			buildPhases = (
				AA0000000000000000000042 /* Frameworks */,
				AA0000000000000000000072 /* Sources */,
			);
			buildRules = (
			);
			dependencies = (
				AA0000000000000000000011 /* PBXTargetDependency */,
			);
			fileSystemSynchronizedGroups = (
				AA0000000000000000000032 /* RBDartsTests */,
			);
			name = RBDartsTests;
			productName = RBDartsTests;
			productReference = AA0000000000000000000022 /* RBDartsTests.xctest */;
			productType = "com.apple.product-type.bundle.unit-test";
		};
		AA0000000000000000000025 /* RBDartsUITests */ = {
			isa = PBXNativeTarget;
			buildConfigurationList = AA0000000000000000000063 /* Build configuration list for PBXNativeTarget "RBDartsUITests" */;
			buildPhases = (
				AA0000000000000000000043 /* Frameworks */,
				AA0000000000000000000073 /* Sources */,
			);
			buildRules = (
			);
			dependencies = (
				AA0000000000000000000012 /* PBXTargetDependency */,
			);
			fileSystemSynchronizedGroups = (
				AA0000000000000000000033 /* RBDartsUITests */,
			);
			name = RBDartsUITests;
			productName = RBDartsUITests;
			productReference = AA0000000000000000000023 /* RBDartsUITests.xctest */;
			productType = "com.apple.product-type.bundle.ui-testing";
		};
/* End PBXNativeTarget section */

/* Begin PBXProject section */
		AA00000000000000000000F0 /* Project object */ = {
			isa = PBXProject;
			attributes = {
				BuildIndependentTargetsInParallel = 1;
				LastSwiftUpdateCheck = 1600;
				LastUpgradeCheck = 1600;
				TargetAttributes = {
					AA0000000000000000000020 = {
						CreatedOnToolsVersion = 16.0;
					};
					AA0000000000000000000024 = {
						CreatedOnToolsVersion = 16.0;
						TestTargetID = AA0000000000000000000020;
					};
					AA0000000000000000000025 = {
						CreatedOnToolsVersion = 16.0;
						TestTargetID = AA0000000000000000000020;
					};
				};
			};
			buildConfigurationList = AA0000000000000000000060 /* Build configuration list for PBXProject "RBDarts" */;
			compatibilityVersion = "Xcode 16.0";
			developmentRegion = en;
			hasScannedForEncodings = 0;
			knownRegions = (
				en,
				Base,
			);
			mainGroup = AA0000000000000000000051;
			minimizedProjectReferenceProxies = 1;
			packageReferences = (
				AA0000000000000000000111 /* XCRemoteSwiftPackageReference "firebase-ios-sdk" */,
				AA0000000000000000000112 /* XCRemoteSwiftPackageReference "facebook-ios-sdk" */,
			);
			preferredProjectObjectVersion = 77;
			productRefGroup = AA0000000000000000000052 /* Products */;
			projectDirPath = "";
			projectRoot = "";
			targets = (
				AA0000000000000000000020 /* RBDarts */,
				AA0000000000000000000024 /* RBDartsTests */,
				AA0000000000000000000025 /* RBDartsUITests */,
			);
		};
/* End PBXProject section */

/* Begin PBXResourcesBuildPhase section */
		AA0000000000000000000081 /* Resources */ = {
			isa = PBXResourcesBuildPhase;
			buildActionMask = 2147483647;
			files = (
			);
			runOnlyForDeploymentPostprocessing = 0;
		};
/* End PBXResourcesBuildPhase section */

/* Begin PBXSourcesBuildPhase section */
		AA0000000000000000000071 /* Sources */ = {
			isa = PBXSourcesBuildPhase;
			buildActionMask = 2147483647;
			files = (
			);
			runOnlyForDeploymentPostprocessing = 0;
		};
		AA0000000000000000000072 /* Sources */ = {
			isa = PBXSourcesBuildPhase;
			buildActionMask = 2147483647;
			files = (
			);
			runOnlyForDeploymentPostprocessing = 0;
		};
		AA0000000000000000000073 /* Sources */ = {
			isa = PBXSourcesBuildPhase;
			buildActionMask = 2147483647;
			files = (
			);
			runOnlyForDeploymentPostprocessing = 0;
		};
/* End PBXSourcesBuildPhase section */

/* Begin PBXTargetDependency section */
		AA0000000000000000000011 /* PBXTargetDependency */ = {
			isa = PBXTargetDependency;
			target = AA0000000000000000000020 /* RBDarts */;
			targetProxy = AA0000000000000000000010 /* PBXContainerItemProxy */;
		};
		AA0000000000000000000012 /* PBXTargetDependency */ = {
			isa = PBXTargetDependency;
			target = AA0000000000000000000020 /* RBDarts */;
			targetProxy = AA0000000000000000000010 /* PBXContainerItemProxy */;
		};
/* End PBXTargetDependency section */

/* Begin XCBuildConfiguration section */
		AA0000000000000000000120 /* Debug */ = {
			isa = XCBuildConfiguration;
			buildSettings = {
				CLANG_ENABLE_MODULES = YES;
				CURRENT_PROJECT_VERSION = 1;
				DEVELOPMENT_TEAM = "";
				ENABLE_STRICT_OBJC_MSGSEND = YES;
				GCC_C_LANGUAGE_STANDARD = gnu17;
				IPHONEOS_DEPLOYMENT_TARGET = 17.0;
				SWIFT_VERSION = 6.0;
			};
			name = Debug;
		};
		AA0000000000000000000121 /* Release */ = {
			isa = XCBuildConfiguration;
			buildSettings = {
				CLANG_ENABLE_MODULES = YES;
				CURRENT_PROJECT_VERSION = 1;
				DEVELOPMENT_TEAM = "";
				GCC_C_LANGUAGE_STANDARD = gnu17;
				IPHONEOS_DEPLOYMENT_TARGET = 17.0;
				SWIFT_VERSION = 6.0;
			};
			name = Release;
		};
		AA0000000000000000000122 /* Debug */ = {
			isa = XCBuildConfiguration;
			buildSettings = {
				ASSETCATALOG_COMPILER_APPICON_NAME = AppIcon;
				CODE_SIGN_STYLE = Automatic;
				GENERATE_INFOPLIST_FILE = NO;
				INFOPLIST_FILE = RBDarts/Resources/Info.plist;
				MARKETING_VERSION = 0.1.0;
				PRODUCT_BUNDLE_IDENTIFIER = com.rbdarts.app;
				PRODUCT_NAME = "$(TARGET_NAME)";
				SWIFT_VERSION = 6.0;
				TARGETED_DEVICE_FAMILY = "1,2";
			};
			name = Debug;
		};
		AA0000000000000000000123 /* Release */ = {
			isa = XCBuildConfiguration;
			buildSettings = {
				ASSETCATALOG_COMPILER_APPICON_NAME = AppIcon;
				CODE_SIGN_STYLE = Automatic;
				GENERATE_INFOPLIST_FILE = NO;
				INFOPLIST_FILE = RBDarts/Resources/Info.plist;
				MARKETING_VERSION = 0.1.0;
				PRODUCT_BUNDLE_IDENTIFIER = com.rbdarts.app;
				PRODUCT_NAME = "$(TARGET_NAME)";
				SWIFT_VERSION = 6.0;
				TARGETED_DEVICE_FAMILY = "1,2";
			};
			name = Release;
		};
		AA0000000000000000000124 /* Debug */ = {
			isa = XCBuildConfiguration;
			buildSettings = {
				BUNDLE_LOADER = "$(TEST_HOST)";
				PRODUCT_BUNDLE_IDENTIFIER = com.rbdarts.app.tests;
				PRODUCT_NAME = "$(TARGET_NAME)";
				SWIFT_VERSION = 6.0;
				TEST_HOST = "$(BUILT_PRODUCTS_DIR)/RBDarts.app/$(BUNDLE_EXECUTABLE_FOLDER_PATH)/RBDarts";
			};
			name = Debug;
		};
		AA0000000000000000000125 /* Release */ = {
			isa = XCBuildConfiguration;
			buildSettings = {
				BUNDLE_LOADER = "$(TEST_HOST)";
				PRODUCT_BUNDLE_IDENTIFIER = com.rbdarts.app.tests;
				PRODUCT_NAME = "$(TARGET_NAME)";
				SWIFT_VERSION = 6.0;
				TEST_HOST = "$(BUILT_PRODUCTS_DIR)/RBDarts.app/$(BUNDLE_EXECUTABLE_FOLDER_PATH)/RBDarts";
			};
			name = Release;
		};
		AA0000000000000000000126 /* Debug */ = {
			isa = XCBuildConfiguration;
			buildSettings = {
				PRODUCT_BUNDLE_IDENTIFIER = com.rbdarts.app.uitests;
				PRODUCT_NAME = "$(TARGET_NAME)";
				SWIFT_VERSION = 6.0;
				TEST_TARGET_NAME = RBDarts;
			};
			name = Debug;
		};
		AA0000000000000000000127 /* Release */ = {
			isa = XCBuildConfiguration;
			buildSettings = {
				PRODUCT_BUNDLE_IDENTIFIER = com.rbdarts.app.uitests;
				PRODUCT_NAME = "$(TARGET_NAME)";
				SWIFT_VERSION = 6.0;
				TEST_TARGET_NAME = RBDarts;
			};
			name = Release;
		};
/* End XCBuildConfiguration section */

/* Begin XCConfigurationList section */
		AA0000000000000000000060 /* Build configuration list for PBXProject "RBDarts" */ = {
			isa = XCConfigurationList;
			buildConfigurations = (
				AA0000000000000000000120 /* Debug */,
				AA0000000000000000000121 /* Release */,
			);
			defaultConfigurationIsVisible = 0;
			defaultConfigurationName = Release;
		};
		AA0000000000000000000061 /* Build configuration list for PBXNativeTarget "RBDarts" */ = {
			isa = XCConfigurationList;
			buildConfigurations = (
				AA0000000000000000000122 /* Debug */,
				AA0000000000000000000123 /* Release */,
			);
			defaultConfigurationIsVisible = 0;
			defaultConfigurationName = Release;
		};
		AA0000000000000000000062 /* Build configuration list for PBXNativeTarget "RBDartsTests" */ = {
			isa = XCConfigurationList;
			buildConfigurations = (
				AA0000000000000000000124 /* Debug */,
				AA0000000000000000000125 /* Release */,
			);
			defaultConfigurationIsVisible = 0;
			defaultConfigurationName = Release;
		};
		AA0000000000000000000063 /* Build configuration list for PBXNativeTarget "RBDartsUITests" */ = {
			isa = XCConfigurationList;
			buildConfigurations = (
				AA0000000000000000000126 /* Debug */,
				AA0000000000000000000127 /* Release */,
			);
			defaultConfigurationIsVisible = 0;
			defaultConfigurationName = Release;
		};
/* End XCConfigurationList section */

/* Begin XCRemoteSwiftPackageReference section */
		AA0000000000000000000111 /* XCRemoteSwiftPackageReference "firebase-ios-sdk" */ = {
			isa = XCRemoteSwiftPackageReference;
			repositoryURL = "https://github.com/firebase/firebase-ios-sdk";
			requirement = {
				kind = upToNextMajorVersion;
				minimumVersion = 11.0.0;
			};
		};
		AA0000000000000000000112 /* XCRemoteSwiftPackageReference "facebook-ios-sdk" */ = {
			isa = XCRemoteSwiftPackageReference;
			repositoryURL = "https://github.com/facebook/facebook-ios-sdk";
			requirement = {
				kind = upToNextMajorVersion;
				minimumVersion = 17.0.0;
			};
		};
/* End XCRemoteSwiftPackageReference section */

/* Begin XCSwiftPackageProductDependency section */
		AA0000000000000000000101 /* FirebaseAuth */ = {
			isa = XCSwiftPackageProductDependency;
			package = AA0000000000000000000111 /* XCRemoteSwiftPackageReference "firebase-ios-sdk" */;
			productName = FirebaseAuth;
		};
		AA0000000000000000000102 /* FirebaseFirestore */ = {
			isa = XCSwiftPackageProductDependency;
			package = AA0000000000000000000111 /* XCRemoteSwiftPackageReference "firebase-ios-sdk" */;
			productName = FirebaseFirestore;
		};
		AA0000000000000000000103 /* FirebaseCrashlytics */ = {
			isa = XCSwiftPackageProductDependency;
			package = AA0000000000000000000111 /* XCRemoteSwiftPackageReference "firebase-ios-sdk" */;
			productName = FirebaseCrashlytics;
		};
		AA0000000000000000000104 /* FirebasePerformance */ = {
			isa = XCSwiftPackageProductDependency;
			package = AA0000000000000000000111 /* XCRemoteSwiftPackageReference "firebase-ios-sdk" */;
			productName = FirebasePerformance;
		};
		AA0000000000000000000105 /* FacebookLogin */ = {
			isa = XCSwiftPackageProductDependency;
			package = AA0000000000000000000112 /* XCRemoteSwiftPackageReference "facebook-ios-sdk" */;
			productName = FacebookLogin;
		};
/* End XCSwiftPackageProductDependency section */
	};
	rootObject = AA00000000000000000000F0 /* Project object */;
}
